// !$*UTF8*$!
{
	archiveVersion = 1;
	classes = {
	};
	objectVersion = 50;
	objects = {

/* Begin PBXBuildFile section */
		09E648FD23DA85BF00A01171 /* AppDelegate.swift in Sources */ = {isa = PBXBuildFile; fileRef = 09E648FC23DA85BF00A01171 /* AppDelegate.swift */; };
		09E648FF23DA85BF00A01171 /* SceneDelegate.swift in Sources */ = {isa = PBXBuildFile; fileRef = 09E648FE23DA85BF00A01171 /* SceneDelegate.swift */; };
		09E6490123DA85BF00A01171 /* ViewController.swift in Sources */ = {isa = PBXBuildFile; fileRef = 09E6490023DA85BF00A01171 /* ViewController.swift */; };
		09E6490423DA85BF00A01171 /* Main.storyboard in Resources */ = {isa = PBXBuildFile; fileRef = 09E6490223DA85BF00A01171 /* Main.storyboard */; };
		09E6490723DA85BF00A01171 /* TT2.xcdatamodeld in Sources */ = {isa = PBXBuildFile; fileRef = 09E6490523DA85BF00A01171 /* TT2.xcdatamodeld */; };
		09E6490923DA85C100A01171 /* Assets.xcassets in Resources */ = {isa = PBXBuildFile; fileRef = 09E6490823DA85C100A01171 /* Assets.xcassets */; };
		09E6490C23DA85C100A01171 /* LaunchScreen.storyboard in Resources */ = {isa = PBXBuildFile; fileRef = 09E6490A23DA85C100A01171 /* LaunchScreen.storyboard */; };
		09E6491423DACC1F00A01171 /* OptimizerMath.swift in Sources */ = {isa = PBXBuildFile; fileRef = 09E6491323DACC1F00A01171 /* OptimizerMath.swift */; };
/* End PBXBuildFile section */

/* Begin PBXFileReference section */
		09E648F923DA85BF00A01171 /* TT2.app */ = {isa = PBXFileReference; explicitFileType = wrapper.application; includeInIndex = 0; path = TT2.app; sourceTree = BUILT_PRODUCTS_DIR; };
		09E648FC23DA85BF00A01171 /* AppDelegate.swift */ = {isa = PBXFileReference; lastKnownFileType = sourcecode.swift; path = AppDelegate.swift; sourceTree = "<group>"; };
		09E648FE23DA85BF00A01171 /* SceneDelegate.swift */ = {isa = PBXFileReference; lastKnownFileType = sourcecode.swift; path = SceneDelegate.swift; sourceTree = "<group>"; };
		09E6490023DA85BF00A01171 /* ViewController.swift */ = {isa = PBXFileReference; lastKnownFileType = sourcecode.swift; path = ViewController.swift; sourceTree = "<group>"; };
		09E6490323DA85BF00A01171 /* Base */ = {isa = PBXFileReference; lastKnownFileType = file.storyboard; name = Base; path = Base.lproj/Main.storyboard; sourceTree = "<group>"; };
		09E6490623DA85BF00A01171 /* TT2.xcdatamodel */ = {isa = PBXFileReference; lastKnownFileType = wrapper.xcdatamodel; path = TT2.xcdatamodel; sourceTree = "<group>"; };
		09E6490823DA85C100A01171 /* Assets.xcassets */ = {isa = PBXFileReference; lastKnownFileType = folder.assetcatalog; path = Assets.xcassets; sourceTree = "<group>"; };
		09E6490B23DA85C100A01171 /* Base */ = {isa = PBXFileReference; lastKnownFileType = file.storyboard; name = Base; path = Base.lproj/LaunchScreen.storyboard; sourceTree = "<group>"; };
		09E6490D23DA85C100A01171 /* Info.plist */ = {isa = PBXFileReference; lastKnownFileType = text.plist.xml; path = Info.plist; sourceTree = "<group>"; };
		09E6491323DACC1F00A01171 /* OptimizerMath.swift */ = {isa = PBXFileReference; lastKnownFileType = sourcecode.swift; path = OptimizerMath.swift; sourceTree = "<group>"; };
/* End PBXFileReference section */

/* Begin PBXFrameworksBuildPhase section */
		09E648F623DA85BF00A01171 /* Frameworks */ = {
			isa = PBXFrameworksBuildPhase;
			buildActionMask = 2147483647;
			files = (
			);
			runOnlyForDeploymentPostprocessing = 0;
		};
/* End PBXFrameworksBuildPhase section */

/* Begin PBXGroup section */
		09E648F023DA85BF00A01171 = {
			isa = PBXGroup;
			children = (
				09E648FB23DA85BF00A01171 /* TT2 */,
				09E648FA23DA85BF00A01171 /* Products */,
			);
			sourceTree = "<group>";
		};
		09E648FA23DA85BF00A01171 /* Products */ = {
			isa = PBXGroup;
			children = (
				09E648F923DA85BF00A01171 /* TT2.app */,
			);
			name = Products;
			sourceTree = "<group>";
		};
		09E648FB23DA85BF00A01171 /* TT2 */ = {
			isa = PBXGroup;
			children = (
				09E648FC23DA85BF00A01171 /* AppDelegate.swift */,
				09E648FE23DA85BF00A01171 /* SceneDelegate.swift */,
				09E6490023DA85BF00A01171 /* ViewController.swift */,
				09E6490223DA85BF00A01171 /* Main.storyboard */,
				09E6491323DACC1F00A01171 /* OptimizerMath.swift */,
				09E6490823DA85C100A01171 /* Assets.xcassets */,
				09E6490A23DA85C100A01171 /* LaunchScreen.storyboard */,
				09E6490D23DA85C100A01171 /* Info.plist */,
				09E6490523DA85BF00A01171 /* TT2.xcdatamodeld */,
			);
			path = TT2;
			sourceTree = "<group>";
		};
/* End PBXGroup section */

/* Begin PBXNativeTarget section */
		09E648F823DA85BF00A01171 /* TT2 */ = {
			isa = PBXNativeTarget;
			buildConfigurationList = 09E6491023DA85C100A01171 /* Build configuration list for PBXNativeTarget "TT2" */;
			buildPhases = (
				09E648F523DA85BF00A01171 /* Sources */,
				09E648F623DA85BF00A01171 /* Frameworks */,
				09E648F723DA85BF00A01171 /* Resources */,
			);
			buildRules = (
			);
			dependencies = (
			);
			name = TT2;
			productName = TT2;
			productReference = 09E648F923DA85BF00A01171 /* TT2.app */;
			productType = "com.apple.product-type.application";
		};
/* End PBXNativeTarget section */

/* Begin PBXProject section */
		09E648F123DA85BF00A01171 /* Project object */ = {
			isa = PBXProject;
			attributes = {
				LastSwiftUpdateCheck = 1130;
				LastUpgradeCheck = 1130;
				ORGANIZATIONNAME = "Jared Jeseo";
				TargetAttributes = {
					09E648F823DA85BF00A01171 = {
						CreatedOnToolsVersion = 11.3.1;
					};
				};
			};
			buildConfigurationList = 09E648F423DA85BF00A01171 /* Build configuration list for PBXProject "TT2" */;
			compatibilityVersion = "Xcode 9.3";
			developmentRegion = en;
			hasScannedForEncodings = 0;
			knownRegions = (
				en,
				Base,
			);
			mainGroup = 09E648F023DA85BF00A01171;
			productRefGroup = 09E648FA23DA85BF00A01171 /* Products */;
			projectDirPath = "";
			projectRoot = "";
			targets = (
				09E648F823DA85BF00A01171 /* TT2 */,
			);
		};
/* End PBXProject section */

/* Begin PBXResourcesBuildPhase section */
		09E648F723DA85BF00A01171 /* Resources */ = {
			isa = PBXResourcesBuildPhase;
			buildActionMask = 2147483647;
			files = (
				09E6490C23DA85C100A01171 /* LaunchScreen.storyboard in Resources */,
				09E6490923DA85C100A01171 /* Assets.xcassets in Resources */,
				09E6490423DA85BF00A01171 /* Main.storyboard in Resources */,
			);
			runOnlyForDeploymentPostprocessing = 0;
		};
/* End PBXResourcesBuildPhase section */

/* Begin PBXSourcesBuildPhase section */
		09E648F523DA85BF00A01171 /* Sources */ = {
			isa = PBXSourcesBuildPhase;
			buildActionMask = 2147483647;
			files = (
				09E6490123DA85BF00A01171 /* ViewController.swift in Sources */,
				09E648FD23DA85BF00A01171 /* AppDelegate.swift in Sources */,
				09E6490723DA85BF00A01171 /* TT2.xcdatamodeld in Sources */,
				09E648FF23DA85BF00A01171 /* SceneDelegate.swift in Sources */,
				09E6491423DACC1F00A01171 /* OptimizerMath.swift in Sources */,
			);
			runOnlyForDeploymentPostprocessing = 0;
		};
/* End PBXSourcesBuildPhase section */

/* Begin PBXVariantGroup section */
		09E6490223DA85BF00A01171 /* Main.storyboard */ = {
			isa = PBXVariantGroup;
			children = (
				09E6490323DA85BF00A01171 /* Base */,
			);
			name = Main.storyboard;
			sourceTree = "<group>";
		};
		09E6490A23DA85C100A01171 /* LaunchScreen.storyboard */ = {
			isa = PBXVariantGroup;
			children = (
				09E6490B23DA85C100A01171 /* Base */,
			);
			name = LaunchScreen.storyboard;
			sourceTree = "<group>";
		};
/* End PBXVariantGroup section */

/* Begin XCBuildConfiguration section */
		09E6490E23DA85C100A01171 /* Debug */ = {
			isa = XCBuildConfiguration;
			buildSettings = {
				ALWAYS_SEARCH_USER_PATHS = NO;
				CLANG_ANALYZER_NONNULL = YES;
				CLANG_ANALYZER_NUMBER_OBJECT_CONVERSION = YES_AGGRESSIVE;
				CLANG_CXX_LANGUAGE_STANDARD = "gnu++14";
				CLANG_CXX_LIBRARY = "libc++";
				CLANG_ENABLE_MODULES = YES;
				CLANG_ENABLE_OBJC_ARC = YES;
				CLANG_ENABLE_OBJC_WEAK = YES;
				CLANG_WARN_BLOCK_CAPTURE_AUTORELEASING = YES;
				CLANG_WARN_BOOL_CONVERSION = YES;
				CLANG_WARN_COMMA = YES;
				CLANG_WARN_CONSTANT_CONVERSION = YES;
				CLANG_WARN_DEPRECATED_OBJC_IMPLEMENTATIONS = YES;
				CLANG_WARN_DIRECT_OBJC_ISA_USAGE = YES_ERROR;
				CLANG_WARN_DOCUMENTATION_COMMENTS = YES;
				CLANG_WARN_EMPTY_BODY = YES;
				CLANG_WARN_ENUM_CONVERSION = YES;
				CLANG_WARN_INFINITE_RECURSION = YES;
				CLANG_WARN_INT_CONVERSION = YES;
				CLANG_WARN_NON_LITERAL_NULL_CONVERSION = YES;
				CLANG_WARN_OBJC_IMPLICIT_RETAIN_SELF = YES;
				CLANG_WARN_OBJC_LITERAL_CONVERSION = YES;
				CLANG_WARN_OBJC_ROOT_CLASS = YES_ERROR;
				CLANG_WARN_RANGE_LOOP_ANALYSIS = YES;
				CLANG_WARN_STRICT_PROTOTYPES = YES;
				CLANG_WARN_SUSPICIOUS_MOVE = YES;
				CLANG_WARN_UNGUARDED_AVAILABILITY = YES_AGGRESSIVE;
				CLANG_WARN_UNREACHABLE_CODE = YES;
				CLANG_WARN__DUPLICATE_METHOD_MATCH = YES;
				COPY_PHASE_STRIP = NO;
				DEBUG_INFORMATION_FORMAT = dwarf;
				ENABLE_STRICT_OBJC_MSGSEND = YES;
				ENABLE_TESTABILITY = YES;
				GCC_C_LANGUAGE_STANDARD = gnu11;
				GCC_DYNAMIC_NO_PIC = NO;
				GCC_NO_COMMON_BLOCKS = YES;
				GCC_OPTIMIZATION_LEVEL = 0;
				GCC_PREPROCESSOR_DEFINITIONS = (
					"DEBUG=1",
					"$(inherited)",
				);
				GCC_WARN_64_TO_32_BIT_CONVERSION = YES;
				GCC_WARN_ABOUT_RETURN_TYPE = YES_ERROR;
				GCC_WARN_UNDECLARED_SELECTOR = YES;
				GCC_WARN_UNINITIALIZED_AUTOS = YES_AGGRESSIVE;
				GCC_WARN_UNUSED_FUNCTION = YES;
				GCC_WARN_UNUSED_VARIABLE = YES;
				IPHONEOS_DEPLOYMENT_TARGET = 13.2;
				MTL_ENABLE_DEBUG_INFO = INCLUDE_SOURCE;
				MTL_FAST_MATH = YES;
				ONLY_ACTIVE_ARCH = YES;
				SDKROOT = iphoneos;
				SWIFT_ACTIVE_COMPILATION_CONDITIONS = DEBUG;
				SWIFT_OPTIMIZATION_LEVEL = "-Onone";
			};
			name = Debug;
		};
		09E6490F23DA85C100A01171 /* Release */ = {
			isa = XCBuildConfiguration;
			buildSettings = {
				ALWAYS_SEARCH_USER_PATHS = NO;
				CLANG_ANALYZER_NONNULL = YES;
				CLANG_ANALYZER_NUMBER_OBJECT_CONVERSION = YES_AGGRESSIVE;
				CLANG_CXX_LANGUAGE_STANDARD = "gnu++14";
				CLANG_CXX_LIBRARY = "libc++";
				CLANG_ENABLE_MODULES = YES;
				CLANG_ENABLE_OBJC_ARC = YES;
				CLANG_ENABLE_OBJC_WEAK = YES;
				CLANG_WARN_BLOCK_CAPTURE_AUTORELEASING = YES;
				CLANG_WARN_BOOL_CONVERSION = YES;
				CLANG_WARN_COMMA = YES;
				CLANG_WARN_CONSTANT_CONVERSION = YES;
				CLANG_WARN_DEPRECATED_OBJC_IMPLEMENTATIONS = YES;
				CLANG_WARN_DIRECT_OBJC_ISA_USAGE = YES_ERROR;
				CLANG_WARN_DOCUMENTATION_COMMENTS = YES;
				CLANG_WARN_EMPTY_BODY = YES;
				CLANG_WARN_ENUM_CONVERSION = YES;
				CLANG_WARN_INFINITE_RECURSION = YES;
				CLANG_WARN_INT_CONVERSION = YES;
				CLANG_WARN_NON_LITERAL_NULL_CONVERSION = YES;
				CLANG_WARN_OBJC_IMPLICIT_RETAIN_SELF = YES;
				CLANG_WARN_OBJC_LITERAL_CONVERSION = YES;
				CLANG_WARN_OBJC_ROOT_CLASS = YES_ERROR;
				CLANG_WARN_RANGE_LOOP_ANALYSIS = YES;
				CLANG_WARN_STRICT_PROTOTYPES = YES;
				CLANG_WARN_SUSPICIOUS_MOVE = YES;
				CLANG_WARN_UNGUARDED_AVAILABILITY = YES_AGGRESSIVE;
				CLANG_WARN_UNREACHABLE_CODE = YES;
				CLANG_WARN__DUPLICATE_METHOD_MATCH = YES;
				COPY_PHASE_STRIP = NO;
				DEBUG_INFORMATION_FORMAT = "dwarf-with-dsym";
				ENABLE_NS_ASSERTIONS = NO;
				ENABLE_STRICT_OBJC_MSGSEND = YES;
				GCC_C_LANGUAGE_STANDARD = gnu11;
				GCC_NO_COMMON_BLOCKS = YES;
				GCC_WARN_64_TO_32_BIT_CONVERSION = YES;
				GCC_WARN_ABOUT_RETURN_TYPE = YES_ERROR;
				GCC_WARN_UNDECLARED_SELECTOR = YES;
				GCC_WARN_UNINITIALIZED_AUTOS = YES_AGGRESSIVE;
				GCC_WARN_UNUSED_FUNCTION = YES;
				GCC_WARN_UNUSED_VARIABLE = YES;
				IPHONEOS_DEPLOYMENT_TARGET = 13.2;
				MTL_ENABLE_DEBUG_INFO = NO;
				MTL_FAST_MATH = YES;
				SDKROOT = iphoneos;
				SWIFT_COMPILATION_MODE = wholemodule;
				SWIFT_OPTIMIZATION_LEVEL = "-O";
				VALIDATE_PRODUCT = YES;
			};
			name = Release;
		};
		09E6491123DA85C100A01171 /* Debug */ = {
			isa = XCBuildConfiguration;
			buildSettings = {
				ASSETCATALOG_COMPILER_APPICON_NAME = AppIcon;
				CODE_SIGN_STYLE = Automatic;
				INFOPLIST_FILE = TT2/Info.plist;
				LD_RUNPATH_SEARCH_PATHS = (
					"$(inherited)",
					"@executable_path/Frameworks",
				);
				PRODUCT_BUNDLE_IDENTIFIER = com.jaredjeseo.TT2;
				PRODUCT_NAME = "$(TARGET_NAME)";
				SWIFT_VERSION = 5.0;
				TARGETED_DEVICE_FAMILY = "1,2";
			};
			name = Debug;
		};
		09E6491223DA85C100A01171 /* Release */ = {
			isa = XCBuildConfiguration;
			buildSettings = {
				ASSETCATALOG_COMPILER_APPICON_NAME = AppIcon;
				CODE_SIGN_STYLE = Automatic;
				INFOPLIST_FILE = TT2/Info.plist;
				LD_RUNPATH_SEARCH_PATHS = (
					"$(inherited)",
					"@executable_path/Frameworks",
				);
				PRODUCT_BUNDLE_IDENTIFIER = com.jaredjeseo.TT2;
				PRODUCT_NAME = "$(TARGET_NAME)";
				SWIFT_VERSION = 5.0;
				TARGETED_DEVICE_FAMILY = "1,2";
			};
			name = Release;
		};
/* End XCBuildConfiguration section */

/* Begin XCConfigurationList section */
		09E648F423DA85BF00A01171 /* Build configuration list for PBXProject "TT2" */ = {
			isa = XCConfigurationList;
			buildConfigurations = (
				09E6490E23DA85C100A01171 /* Debug */,
				09E6490F23DA85C100A01171 /* Release */,
			);
			defaultConfigurationIsVisible = 0;
			defaultConfigurationName = Release;
		};
		09E6491023DA85C100A01171 /* Build configuration list for PBXNativeTarget "TT2" */ = {
			isa = XCConfigurationList;
			buildConfigurations = (
				09E6491123DA85C100A01171 /* Debug */,
				09E6491223DA85C100A01171 /* Release */,
			);
			defaultConfigurationIsVisible = 0;
			defaultConfigurationName = Release;
		};
/* End XCConfigurationList section */

/* Begin XCVersionGroup section */
		09E6490523DA85BF00A01171 /* TT2.xcdatamodeld */ = {
			isa = XCVersionGroup;
			children = (
				09E6490623DA85BF00A01171 /* TT2.xcdatamodel */,
			);
			currentVersion = 09E6490623DA85BF00A01171 /* TT2.xcdatamodel */;
			path = TT2.xcdatamodeld;
			sourceTree = "<group>";
			versionGroupType = wrapper.xcdatamodel;
		};
/* End XCVersionGroup section */
	};
	rootObject = 09E648F123DA85BF00A01171 /* Project object */;
}
